
Microsoft Visual Studio Solution File, Format Version 12.00
# Visual Studio Version 17
VisualStudioVersion = 17.2.32210.308
MinimumVisualStudioVersion = 10.0.40219.1
Project("{FAE04EC0-301F-11D3-BF4B-00C04F79EFBC}") = "ART-1", "ART-1.csproj", "{E7D52660-9FD3-48EA-B087-F8A17F0F40D8}"
EndProject
Global
	GlobalSection(SolutionConfigurationPlatforms) = preSolution
		Debug|Any CPU = Debug|Any CPU
		Release|Any CPU = Release|Any CPU
	EndGlobalSection
	GlobalSection(ProjectConfigurationPlatforms) = postSolution
		{E7D52660-9FD3-48EA-B087-F8A17F0F40D8}.Debug|Any CPU.ActiveCfg = Debug|Any CPU
		{E7D52660-9FD3-48EA-B087-F8A17F0F40D8}.Debug|Any CPU.Build.0 = Debug|Any CPU
		{E7D52660-9FD3-48EA-B087-F8A17F0F40D8}.Release|Any CPU.ActiveCfg = Release|Any CPU
		{E7D52660-9FD3-48EA-B087-F8A17F0F40D8}.Release|Any CPU.Build.0 = Release|Any CPU
	EndGlobalSection
	GlobalSection(SolutionProperties) = preSolution
		HideSolutionNode = FALSE
	EndGlobalSection
	GlobalSection(ExtensibilityGlobals) = postSolution
		SolutionGuid = {14FEF1CE-C43D-4E02-B99F-B4ED7E819EED}
	EndGlobalSection
EndGlobal
